
Microsoft Visual Studio Solution File, Format Version 12.00
# Visual Studio 14
VisualStudioVersion = 14.0.25420.1
MinimumVisualStudioVersion = 10.0.40219.1
Project("{8BC9CEB8-8B4A-11D0-8D11-00A0C91BC942}") = "myapp", "myapp.vcxproj", "{82D90236-5142-44EA-B522-68F5CA7EF1F0}"
EndProject
Project("{2150E333-8FDC-42A3-9474-1A3956D46DE8}") = "libs", "libs", "{FCBE9F61-7EDA-4EF6-BA34-6993FDEFE392}"
EndProject
Project("{8BC9CEB8-8B4A-11D0-8D11-00A0C91BC942}") = "gdal", "libs\gdal\gdal_14.vcxproj", "{713D649E-2DE5-41B5-9764-830A5394E08A}"
	ProjectSection(ProjectDependencies) = postProject
		{5EC0D956-025D-4E23-AAF9-5D5A18A45F60} = {5EC0D956-025D-4E23-AAF9-5D5A18A45F60}
	EndProjectSection
EndProject
Project("{8BC9CEB8-8B4A-11D0-8D11-00A0C91BC942}") = "expat", "libs\expat\lib\expat_14.vcxproj", "{F1F66B65-BF5A-45B9-82F0-4B3247375AB9}"
EndProject
Project("{8BC9CEB8-8B4A-11D0-8D11-00A0C91BC942}") = "Proj4", "libs\proj4\proj4_14.vcxproj", "{5EC0D956-025D-4E23-AAF9-5D5A18A45F60}"
EndProject
Global
	GlobalSection(SolutionConfigurationPlatforms) = preSolution
		Debug|x64 = Debug|x64
		Debug|x86 = Debug|x86
		Release|x64 = Release|x64
		Release|x86 = Release|x86
	EndGlobalSection
	GlobalSection(ProjectConfigurationPlatforms) = postSolution
		{82D90236-5142-44EA-B522-68F5CA7EF1F0}.Debug|x64.ActiveCfg = Debug|x64
		{82D90236-5142-44EA-B522-68F5CA7EF1F0}.Debug|x64.Build.0 = Debug|x64
		{82D90236-5142-44EA-B522-68F5CA7EF1F0}.Debug|x86.ActiveCfg = Debug|Win32
		{82D90236-5142-44EA-B522-68F5CA7EF1F0}.Debug|x86.Build.0 = Debug|Win32
		{82D90236-5142-44EA-B522-68F5CA7EF1F0}.Release|x64.ActiveCfg = Release|x64
		{82D90236-5142-44EA-B522-68F5CA7EF1F0}.Release|x64.Build.0 = Release|x64
		{82D90236-5142-44EA-B522-68F5CA7EF1F0}.Release|x86.ActiveCfg = Release|Win32
		{82D90236-5142-44EA-B522-68F5CA7EF1F0}.Release|x86.Build.0 = Release|Win32
		{713D649E-2DE5-41B5-9764-830A5394E08A}.Debug|x64.ActiveCfg = Debug|x64
		{713D649E-2DE5-41B5-9764-830A5394E08A}.Debug|x64.Build.0 = Debug|x64
		{713D649E-2DE5-41B5-9764-830A5394E08A}.Debug|x86.ActiveCfg = Debug|x64
		{713D649E-2DE5-41B5-9764-830A5394E08A}.Release|x64.ActiveCfg = Release|x64
		{713D649E-2DE5-41B5-9764-830A5394E08A}.Release|x64.Build.0 = Release|x64
		{713D649E-2DE5-41B5-9764-830A5394E08A}.Release|x86.ActiveCfg = Release|x64
		{F1F66B65-BF5A-45B9-82F0-4B3247375AB9}.Debug|x64.ActiveCfg = Debug|x64
		{F1F66B65-BF5A-45B9-82F0-4B3247375AB9}.Debug|x64.Build.0 = Debug|x64
		{F1F66B65-BF5A-45B9-82F0-4B3247375AB9}.Debug|x86.ActiveCfg = Debug|Win32
		{F1F66B65-BF5A-45B9-82F0-4B3247375AB9}.Debug|x86.Build.0 = Debug|Win32
		{F1F66B65-BF5A-45B9-82F0-4B3247375AB9}.Release|x64.ActiveCfg = Release|x64
		{F1F66B65-BF5A-45B9-82F0-4B3247375AB9}.Release|x64.Build.0 = Release|x64
		{F1F66B65-BF5A-45B9-82F0-4B3247375AB9}.Release|x86.ActiveCfg = Release|Win32
		{F1F66B65-BF5A-45B9-82F0-4B3247375AB9}.Release|x86.Build.0 = Release|Win32
		{5EC0D956-025D-4E23-AAF9-5D5A18A45F60}.Debug|x64.ActiveCfg = Debug|x64
		{5EC0D956-025D-4E23-AAF9-5D5A18A45F60}.Debug|x64.Build.0 = Debug|x64
		{5EC0D956-025D-4E23-AAF9-5D5A18A45F60}.Debug|x86.ActiveCfg = Debug|Win32
		{5EC0D956-025D-4E23-AAF9-5D5A18A45F60}.Debug|x86.Build.0 = Debug|Win32
		{5EC0D956-025D-4E23-AAF9-5D5A18A45F60}.Release|x64.ActiveCfg = Release|x64
		{5EC0D956-025D-4E23-AAF9-5D5A18A45F60}.Release|x64.Build.0 = Release|x64
		{5EC0D956-025D-4E23-AAF9-5D5A18A45F60}.Release|x86.ActiveCfg = Release|Win32
		{5EC0D956-025D-4E23-AAF9-5D5A18A45F60}.Release|x86.Build.0 = Release|Win32
	EndGlobalSection
	GlobalSection(SolutionProperties) = preSolution
		HideSolutionNode = FALSE
	EndGlobalSection
	GlobalSection(NestedProjects) = preSolution
		{713D649E-2DE5-41B5-9764-830A5394E08A} = {FCBE9F61-7EDA-4EF6-BA34-6993FDEFE392}
		{F1F66B65-BF5A-45B9-82F0-4B3247375AB9} = {FCBE9F61-7EDA-4EF6-BA34-6993FDEFE392}
		{5EC0D956-025D-4E23-AAF9-5D5A18A45F60} = {FCBE9F61-7EDA-4EF6-BA34-6993FDEFE392}
	EndGlobalSection
EndGlobal
